Microsoft Visual Studio Solution File, Format Version 12.00
# Visual Studio 2012
Project("{FAE04EC0-301F-11D3-BF4B-00C04F79EFBC}") = "CivicLearn2.0", "CivicLearn2.0.csproj", "{55CB2F57-C2FD-4CDF-BD7F-A764AC306EFD}"
EndProject
Global
	GlobalSection(SolutionConfigurationPlatforms) = preSolution
	Debug|Any CPU = Debug|Any CPU
	ExportDebug|Any CPU = ExportDebug|Any CPU
	ExportRelease|Any CPU = ExportRelease|Any CPU
	EndGlobalSection
	GlobalSection(ProjectConfigurationPlatforms) = postSolution
		{55CB2F57-C2FD-4CDF-BD7F-A764AC306EFD}.Debug|Any CPU.ActiveCfg = Debug|Any CPU
		{55CB2F57-C2FD-4CDF-BD7F-A764AC306EFD}.Debug|Any CPU.Build.0 = Debug|Any CPU
		{55CB2F57-C2FD-4CDF-BD7F-A764AC306EFD}.ExportDebug|Any CPU.ActiveCfg = ExportDebug|Any CPU
		{55CB2F57-C2FD-4CDF-BD7F-A764AC306EFD}.ExportDebug|Any CPU.Build.0 = ExportDebug|Any CPU
		{55CB2F57-C2FD-4CDF-BD7F-A764AC306EFD}.ExportRelease|Any CPU.ActiveCfg = ExportRelease|Any CPU
		{55CB2F57-C2FD-4CDF-BD7F-A764AC306EFD}.ExportRelease|Any CPU.Build.0 = ExportRelease|Any CPU
	EndGlobalSection
EndGlobal
